// !$*UTF8*$!
{
	archiveVersion = 1;
	classes = {
	};
	objectVersion = 56;
	objects = {

/* Begin PBXBuildFile section */
		6208B72929FE9B6200576867 /* AudioRecorderView.swift in Sources */ = {isa = PBXBuildFile; fileRef = 6208B72829FE9B6200576867 /* AudioRecorderView.swift */; };
		620EB83829F41FBC00745221 /* MeetingMateIcon.png in Resources */ = {isa = PBXBuildFile; fileRef = 620EB83529F41FBC00745221 /* MeetingMateIcon.png */; };
		620EB83929F41FBC00745221 /* MeetingMateIcon.vectornator in Resources */ = {isa = PBXBuildFile; fileRef = 620EB83629F41FBC00745221 /* MeetingMateIcon.vectornator */; };
		620EB83A29F41FBC00745221 /* MeetingMateIconWBG.png in Resources */ = {isa = PBXBuildFile; fileRef = 620EB83729F41FBC00745221 /* MeetingMateIconWBG.png */; };
		620EB83C29F7515100745221 /* VideoManager.swift in Sources */ = {isa = PBXBuildFile; fileRef = 620EB83B29F7515100745221 /* VideoManager.swift */; };
		62EBF7B129EB90A9001F906E /* MeetingMate.swift in Sources */ = {isa = PBXBuildFile; fileRef = 62EBF7B029EB90A9001F906E /* MeetingMate.swift */; };
		62EBF7B329EB90A9001F906E /* Home.swift in Sources */ = {isa = PBXBuildFile; fileRef = 62EBF7B229EB90A9001F906E /* Home.swift */; };
		62EBF7B529EB90AA001F906E /* Assets.xcassets in Resources */ = {isa = PBXBuildFile; fileRef = 62EBF7B429EB90AA001F906E /* Assets.xcassets */; };
		62EBF7B829EB90AA001F906E /* Preview Assets.xcassets in Resources */ = {isa = PBXBuildFile; fileRef = 62EBF7B729EB90AA001F906E /* Preview Assets.xcassets */; };
		62EBF7C429EC7CAE001F906E /* VideoInputPreview.swift in Sources */ = {isa = PBXBuildFile; fileRef = 62EBF7C329EC7CAE001F906E /* VideoInputPreview.swift */; };
		62EBF7C629EC824F001F906E /* AudioManager.swift in Sources */ = {isa = PBXBuildFile; fileRef = 62EBF7C529EC824F001F906E /* AudioManager.swift */; };
		62EBF7C829EC88F9001F906E /* MeetingMateModel.swift in Sources */ = {isa = PBXBuildFile; fileRef = 62EBF7C729EC88F9001F906E /* MeetingMateModel.swift */; };
		62EE720629EC966A00EE629F /* VideoView.swift in Sources */ = {isa = PBXBuildFile; fileRef = 62EE720529EC966A00EE629F /* VideoView.swift */; };
		62EE720829EC967200EE629F /* AudioView.swift in Sources */ = {isa = PBXBuildFile; fileRef = 62EE720729EC967200EE629F /* AudioView.swift */; };
		62EE720A29EC9F1C00EE629F /* Constants.swift in Sources */ = {isa = PBXBuildFile; fileRef = 62EE720929EC9F1C00EE629F /* Constants.swift */; };
		62EE720C29ECD88F00EE629F /* AudioMeter.swift in Sources */ = {isa = PBXBuildFile; fileRef = 62EE720B29ECD88F00EE629F /* AudioMeter.swift */; };
/* End PBXBuildFile section */

/* Begin PBXFileReference section */
		6208B72829FE9B6200576867 /* AudioRecorderView.swift */ = {isa = PBXFileReference; lastKnownFileType = sourcecode.swift; path = AudioRecorderView.swift; sourceTree = "<group>"; };
		620EB83529F41FBC00745221 /* MeetingMateIcon.png */ = {isa = PBXFileReference; lastKnownFileType = image.png; path = MeetingMateIcon.png; sourceTree = "<group>"; };
		620EB83629F41FBC00745221 /* MeetingMateIcon.vectornator */ = {isa = PBXFileReference; lastKnownFileType = file; path = MeetingMateIcon.vectornator; sourceTree = "<group>"; };
		620EB83729F41FBC00745221 /* MeetingMateIconWBG.png */ = {isa = PBXFileReference; lastKnownFileType = image.png; path = MeetingMateIconWBG.png; sourceTree = "<group>"; };
		620EB83B29F7515100745221 /* VideoManager.swift */ = {isa = PBXFileReference; lastKnownFileType = sourcecode.swift; path = VideoManager.swift; sourceTree = "<group>"; };
		62EBF7AD29EB90A9001F906E /* MeetingMate.app */ = {isa = PBXFileReference; explicitFileType = wrapper.application; includeInIndex = 0; path = MeetingMate.app; sourceTree = BUILT_PRODUCTS_DIR; };
		62EBF7B029EB90A9001F906E /* MeetingMate.swift */ = {isa = PBXFileReference; lastKnownFileType = sourcecode.swift; path = MeetingMate.swift; sourceTree = "<group>"; };
		62EBF7B229EB90A9001F906E /* Home.swift */ = {isa = PBXFileReference; lastKnownFileType = sourcecode.swift; path = Home.swift; sourceTree = "<group>"; };
		62EBF7B429EB90AA001F906E /* Assets.xcassets */ = {isa = PBXFileReference; lastKnownFileType = folder.assetcatalog; path = Assets.xcassets; sourceTree = "<group>"; };
		62EBF7B729EB90AA001F906E /* Preview Assets.xcassets */ = {isa = PBXFileReference; lastKnownFileType = folder.assetcatalog; path = "Preview Assets.xcassets"; sourceTree = "<group>"; };
		62EBF7B929EB90AA001F906E /* MeetingMate.entitlements */ = {isa = PBXFileReference; lastKnownFileType = text.plist.entitlements; path = MeetingMate.entitlements; sourceTree = "<group>"; };
		62EBF7C329EC7CAE001F906E /* VideoInputPreview.swift */ = {isa = PBXFileReference; lastKnownFileType = sourcecode.swift; path = VideoInputPreview.swift; sourceTree = "<group>"; };
		62EBF7C529EC824F001F906E /* AudioManager.swift */ = {isa = PBXFileReference; lastKnownFileType = sourcecode.swift; path = AudioManager.swift; sourceTree = "<group>"; };
		62EBF7C729EC88F9001F906E /* MeetingMateModel.swift */ = {isa = PBXFileReference; lastKnownFileType = sourcecode.swift; path = MeetingMateModel.swift; sourceTree = "<group>"; };
		62EE720529EC966A00EE629F /* VideoView.swift */ = {isa = PBXFileReference; lastKnownFileType = sourcecode.swift; path = VideoView.swift; sourceTree = "<group>"; };
		62EE720729EC967200EE629F /* AudioView.swift */ = {isa = PBXFileReference; lastKnownFileType = sourcecode.swift; path = AudioView.swift; sourceTree = "<group>"; };
		62EE720929EC9F1C00EE629F /* Constants.swift */ = {isa = PBXFileReference; lastKnownFileType = sourcecode.swift; path = Constants.swift; sourceTree = "<group>"; };
		62EE720B29ECD88F00EE629F /* AudioMeter.swift */ = {isa = PBXFileReference; lastKnownFileType = sourcecode.swift; path = AudioMeter.swift; sourceTree = "<group>"; };
/* End PBXFileReference section */

/* Begin PBXFrameworksBuildPhase section */
		62EBF7AA29EB90A9001F906E /* Frameworks */ = {
			isa = PBXFrameworksBuildPhase;
			buildActionMask = 2147483647;
			files = (
			);
			runOnlyForDeploymentPostprocessing = 0;
		};
/* End PBXFrameworksBuildPhase section */

/* Begin PBXGroup section */
		620EB83429F41FB200745221 /* File Assets */ = {
			isa = PBXGroup;
			children = (
				620EB83529F41FBC00745221 /* MeetingMateIcon.png */,
				620EB83629F41FBC00745221 /* MeetingMateIcon.vectornator */,
				620EB83729F41FBC00745221 /* MeetingMateIconWBG.png */,
			);
			path = "File Assets";
			sourceTree = "<group>";
		};
		620EB83D29F754CD00745221 /* Video */ = {
			isa = PBXGroup;
			children = (
				62EE720529EC966A00EE629F /* VideoView.swift */,
				62EBF7C329EC7CAE001F906E /* VideoInputPreview.swift */,
			);
			path = Video;
			sourceTree = "<group>";
		};
		620EB83E29F754D800745221 /* Audio */ = {
			isa = PBXGroup;
			children = (
				62EE720729EC967200EE629F /* AudioView.swift */,
				62EE720B29ECD88F00EE629F /* AudioMeter.swift */,
				6208B72829FE9B6200576867 /* AudioRecorderView.swift */,
			);
			path = Audio;
			sourceTree = "<group>";
		};
		623FA34329FF0E0A00203241 /* Settings */ = {
			isa = PBXGroup;
			children = (
			);
			path = Settings;
			sourceTree = "<group>";
		};
		62EBF7A429EB90A9001F906E = {
			isa = PBXGroup;
			children = (
				62EBF7AF29EB90A9001F906E /* MeetingMate */,
				62EBF7AE29EB90A9001F906E /* Products */,
			);
			sourceTree = "<group>";
		};
		62EBF7AE29EB90A9001F906E /* Products */ = {
			isa = PBXGroup;
			children = (
				62EBF7AD29EB90A9001F906E /* MeetingMate.app */,
			);
			name = Products;
			sourceTree = "<group>";
		};
		62EBF7AF29EB90A9001F906E /* MeetingMate */ = {
			isa = PBXGroup;
			children = (
				62EBF7B029EB90A9001F906E /* MeetingMate.swift */,
				62EBF7BF29EB92B4001F906E /* Views */,
				62EBF7C029EB92BA001F906E /* View Models */,
				62EBF7C229EB92D5001F906E /* Helpers */,
				62EBF7B429EB90AA001F906E /* Assets.xcassets */,
				62EBF7B929EB90AA001F906E /* MeetingMate.entitlements */,
				62EBF7B629EB90AA001F906E /* Preview Content */,
			);
			path = MeetingMate;
			sourceTree = "<group>";
		};
		62EBF7B629EB90AA001F906E /* Preview Content */ = {
			isa = PBXGroup;
			children = (
				62EBF7B729EB90AA001F906E /* Preview Assets.xcassets */,
			);
			path = "Preview Content";
			sourceTree = "<group>";
		};
		62EBF7BF29EB92B4001F906E /* Views */ = {
			isa = PBXGroup;
			children = (
				62EBF7B229EB90A9001F906E /* Home.swift */,
				620EB83D29F754CD00745221 /* Video */,
				620EB83E29F754D800745221 /* Audio */,
				623FA34329FF0E0A00203241 /* Settings */,
			);
			path = Views;
			sourceTree = "<group>";
		};
		62EBF7C029EB92BA001F906E /* View Models */ = {
			isa = PBXGroup;
			children = (
				62EBF7C729EC88F9001F906E /* MeetingMateModel.swift */,
				620EB83B29F7515100745221 /* VideoManager.swift */,
				62EBF7C529EC824F001F906E /* AudioManager.swift */,
			);
			path = "View Models";
			sourceTree = "<group>";
		};
		62EBF7C229EB92D5001F906E /* Helpers */ = {
			isa = PBXGroup;
			children = (
				62EE720929EC9F1C00EE629F /* Constants.swift */,
				620EB83429F41FB200745221 /* File Assets */,
			);
			path = Helpers;
			sourceTree = "<group>";
		};
/* End PBXGroup section */

/* Begin PBXNativeTarget section */
		62EBF7AC29EB90A9001F906E /* MeetingMate */ = {
			isa = PBXNativeTarget;
			buildConfigurationList = 62EBF7BC29EB90AA001F906E /* Build configuration list for PBXNativeTarget "MeetingMate" */;
			buildPhases = (
				62EBF7A929EB90A9001F906E /* Sources */,
				62EBF7AA29EB90A9001F906E /* Frameworks */,
				62EBF7AB29EB90A9001F906E /* Resources */,
			);
			buildRules = (
			);
			dependencies = (
			);
			name = MeetingMate;
			productName = MeetingMate;
			productReference = 62EBF7AD29EB90A9001F906E /* MeetingMate.app */;
			productType = "com.apple.product-type.application";
		};
/* End PBXNativeTarget section */

/* Begin PBXProject section */
		62EBF7A529EB90A9001F906E /* Project object */ = {
			isa = PBXProject;
			attributes = {
				BuildIndependentTargetsInParallel = 1;
				LastSwiftUpdateCheck = 1430;
				LastUpgradeCheck = 1430;
				TargetAttributes = {
					62EBF7AC29EB90A9001F906E = {
						CreatedOnToolsVersion = 14.3;
					};
				};
			};
			buildConfigurationList = 62EBF7A829EB90A9001F906E /* Build configuration list for PBXProject "MeetingMate" */;
			compatibilityVersion = "Xcode 14.0";
			developmentRegion = en;
			hasScannedForEncodings = 0;
			knownRegions = (
				en,
				Base,
			);
			mainGroup = 62EBF7A429EB90A9001F906E;
			productRefGroup = 62EBF7AE29EB90A9001F906E /* Products */;
			projectDirPath = "";
			projectRoot = "";
			targets = (
				62EBF7AC29EB90A9001F906E /* MeetingMate */,
			);
		};
/* End PBXProject section */

/* Begin PBXResourcesBuildPhase section */
		62EBF7AB29EB90A9001F906E /* Resources */ = {
			isa = PBXResourcesBuildPhase;
			buildActionMask = 2147483647;
			files = (
				62EBF7B829EB90AA001F906E /* Preview Assets.xcassets in Resources */,
				620EB83A29F41FBC00745221 /* MeetingMateIconWBG.png in Resources */,
				620EB83929F41FBC00745221 /* MeetingMateIcon.vectornator in Resources */,
				62EBF7B529EB90AA001F906E /* Assets.xcassets in Resources */,
				620EB83829F41FBC00745221 /* MeetingMateIcon.png in Resources */,
			);
			runOnlyForDeploymentPostprocessing = 0;
		};
/* End PBXResourcesBuildPhase section */

/* Begin PBXSourcesBuildPhase section */
		62EBF7A929EB90A9001F906E /* Sources */ = {
			isa = PBXSourcesBuildPhase;
			buildActionMask = 2147483647;
			files = (
				62EE720629EC966A00EE629F /* VideoView.swift in Sources */,
				62EBF7C829EC88F9001F906E /* MeetingMateModel.swift in Sources */,
				62EBF7C429EC7CAE001F906E /* VideoInputPreview.swift in Sources */,
				6208B72929FE9B6200576867 /* AudioRecorderView.swift in Sources */,
				62EBF7B329EB90A9001F906E /* Home.swift in Sources */,
				62EBF7C629EC824F001F906E /* AudioManager.swift in Sources */,
				62EBF7B129EB90A9001F906E /* MeetingMate.swift in Sources */,
				62EE720829EC967200EE629F /* AudioView.swift in Sources */,
				620EB83C29F7515100745221 /* VideoManager.swift in Sources */,
				62EE720A29EC9F1C00EE629F /* Constants.swift in Sources */,
				62EE720C29ECD88F00EE629F /* AudioMeter.swift in Sources */,
			);
			runOnlyForDeploymentPostprocessing = 0;
		};
/* End PBXSourcesBuildPhase section */

/* Begin XCBuildConfiguration section */
		62EBF7BA29EB90AA001F906E /* Debug */ = {
			isa = XCBuildConfiguration;
			buildSettings = {
				ALWAYS_SEARCH_USER_PATHS = NO;
				CLANG_ANALYZER_NONNULL = YES;
				CLANG_ANALYZER_NUMBER_OBJECT_CONVERSION = YES_AGGRESSIVE;
				CLANG_CXX_LANGUAGE_STANDARD = "gnu++20";
				CLANG_ENABLE_MODULES = YES;
				CLANG_ENABLE_OBJC_ARC = YES;
				CLANG_ENABLE_OBJC_WEAK = YES;
				CLANG_WARN_BLOCK_CAPTURE_AUTORELEASING = YES;
				CLANG_WARN_BOOL_CONVERSION = YES;
				CLANG_WARN_COMMA = YES;
				CLANG_WARN_CONSTANT_CONVERSION = YES;
				CLANG_WARN_DEPRECATED_OBJC_IMPLEMENTATIONS = YES;
				CLANG_WARN_DIRECT_OBJC_ISA_USAGE = YES_ERROR;
				CLANG_WARN_DOCUMENTATION_COMMENTS = YES;
				CLANG_WARN_EMPTY_BODY = YES;
				CLANG_WARN_ENUM_CONVERSION = YES;
				CLANG_WARN_INFINITE_RECURSION = YES;
				CLANG_WARN_INT_CONVERSION = YES;
				CLANG_WARN_NON_LITERAL_NULL_CONVERSION = YES;
				CLANG_WARN_OBJC_IMPLICIT_RETAIN_SELF = YES;
				CLANG_WARN_OBJC_LITERAL_CONVERSION = YES;
				CLANG_WARN_OBJC_ROOT_CLASS = YES_ERROR;
				CLANG_WARN_QUOTED_INCLUDE_IN_FRAMEWORK_HEADER = YES;
				CLANG_WARN_RANGE_LOOP_ANALYSIS = YES;
				CLANG_WARN_STRICT_PROTOTYPES = YES;
				CLANG_WARN_SUSPICIOUS_MOVE = YES;
				CLANG_WARN_UNGUARDED_AVAILABILITY = YES_AGGRESSIVE;
				CLANG_WARN_UNREACHABLE_CODE = YES;
				CLANG_WARN__DUPLICATE_METHOD_MATCH = YES;
				COPY_PHASE_STRIP = NO;
				DEBUG_INFORMATION_FORMAT = dwarf;
				ENABLE_STRICT_OBJC_MSGSEND = YES;
				ENABLE_TESTABILITY = YES;
				GCC_C_LANGUAGE_STANDARD = gnu11;
				GCC_DYNAMIC_NO_PIC = NO;
				GCC_NO_COMMON_BLOCKS = YES;
				GCC_OPTIMIZATION_LEVEL = 0;
				GCC_PREPROCESSOR_DEFINITIONS = (
					"DEBUG=1",
					"$(inherited)",
				);
				GCC_WARN_64_TO_32_BIT_CONVERSION = YES;
				GCC_WARN_ABOUT_RETURN_TYPE = YES_ERROR;
				GCC_WARN_UNDECLARED_SELECTOR = YES;
				GCC_WARN_UNINITIALIZED_AUTOS = YES_AGGRESSIVE;
				GCC_WARN_UNUSED_FUNCTION = YES;
				GCC_WARN_UNUSED_VARIABLE = YES;
				MACOSX_DEPLOYMENT_TARGET = 13.2;
				MTL_ENABLE_DEBUG_INFO = INCLUDE_SOURCE;
				MTL_FAST_MATH = YES;
				ONLY_ACTIVE_ARCH = YES;
				SDKROOT = macosx;
				SWIFT_ACTIVE_COMPILATION_CONDITIONS = DEBUG;
				SWIFT_OPTIMIZATION_LEVEL = "-Onone";
			};
			name = Debug;
		};
		62EBF7BB29EB90AA001F906E /* Release */ = {
			isa = XCBuildConfiguration;
			buildSettings = {
				ALWAYS_SEARCH_USER_PATHS = NO;
				CLANG_ANALYZER_NONNULL = YES;
				CLANG_ANALYZER_NUMBER_OBJECT_CONVERSION = YES_AGGRESSIVE;
				CLANG_CXX_LANGUAGE_STANDARD = "gnu++20";
				CLANG_ENABLE_MODULES = YES;
				CLANG_ENABLE_OBJC_ARC = YES;
				CLANG_ENABLE_OBJC_WEAK = YES;
				CLANG_WARN_BLOCK_CAPTURE_AUTORELEASING = YES;
				CLANG_WARN_BOOL_CONVERSION = YES;
				CLANG_WARN_COMMA = YES;
				CLANG_WARN_CONSTANT_CONVERSION = YES;
				CLANG_WARN_DEPRECATED_OBJC_IMPLEMENTATIONS = YES;
				CLANG_WARN_DIRECT_OBJC_ISA_USAGE = YES_ERROR;
				CLANG_WARN_DOCUMENTATION_COMMENTS = YES;
				CLANG_WARN_EMPTY_BODY = YES;
				CLANG_WARN_ENUM_CONVERSION = YES;
				CLANG_WARN_INFINITE_RECURSION = YES;
				CLANG_WARN_INT_CONVERSION = YES;
				CLANG_WARN_NON_LITERAL_NULL_CONVERSION = YES;
				CLANG_WARN_OBJC_IMPLICIT_RETAIN_SELF = YES;
				CLANG_WARN_OBJC_LITERAL_CONVERSION = YES;
				CLANG_WARN_OBJC_ROOT_CLASS = YES_ERROR;
				CLANG_WARN_QUOTED_INCLUDE_IN_FRAMEWORK_HEADER = YES;
				CLANG_WARN_RANGE_LOOP_ANALYSIS = YES;
				CLANG_WARN_STRICT_PROTOTYPES = YES;
				CLANG_WARN_SUSPICIOUS_MOVE = YES;
				CLANG_WARN_UNGUARDED_AVAILABILITY = YES_AGGRESSIVE;
				CLANG_WARN_UNREACHABLE_CODE = YES;
				CLANG_WARN__DUPLICATE_METHOD_MATCH = YES;
				COPY_PHASE_STRIP = NO;
				DEBUG_INFORMATION_FORMAT = "dwarf-with-dsym";
				ENABLE_NS_ASSERTIONS = NO;
				ENABLE_STRICT_OBJC_MSGSEND = YES;
				GCC_C_LANGUAGE_STANDARD = gnu11;
				GCC_NO_COMMON_BLOCKS = YES;
				GCC_WARN_64_TO_32_BIT_CONVERSION = YES;
				GCC_WARN_ABOUT_RETURN_TYPE = YES_ERROR;
				GCC_WARN_UNDECLARED_SELECTOR = YES;
				GCC_WARN_UNINITIALIZED_AUTOS = YES_AGGRESSIVE;
				GCC_WARN_UNUSED_FUNCTION = YES;
				GCC_WARN_UNUSED_VARIABLE = YES;
				MACOSX_DEPLOYMENT_TARGET = 13.2;
				MTL_ENABLE_DEBUG_INFO = NO;
				MTL_FAST_MATH = YES;
				SDKROOT = macosx;
				SWIFT_COMPILATION_MODE = wholemodule;
				SWIFT_OPTIMIZATION_LEVEL = "-O";
			};
			name = Release;
		};
		62EBF7BD29EB90AA001F906E /* Debug */ = {
			isa = XCBuildConfiguration;
			buildSettings = {
				ASSETCATALOG_COMPILER_APPICON_NAME = AppIcon;
				ASSETCATALOG_COMPILER_GLOBAL_ACCENT_COLOR_NAME = AccentColor;
				CODE_SIGN_ENTITLEMENTS = MeetingMate/MeetingMate.entitlements;
				CODE_SIGN_STYLE = Automatic;
				COMBINE_HIDPI_IMAGES = YES;
				CURRENT_PROJECT_VERSION = 1;
				DEVELOPMENT_ASSET_PATHS = "\"MeetingMate/Preview Content\"";
				DEVELOPMENT_TEAM = BMNBE7JVDJ;
				ENABLE_HARDENED_RUNTIME = YES;
				ENABLE_PREVIEWS = YES;
				GENERATE_INFOPLIST_FILE = YES;
				INFOPLIST_KEY_LSUIElement = YES;
				INFOPLIST_KEY_NSCameraUsageDescription = "Please grant $(PRODUCT_NAME) access to your camera";
				INFOPLIST_KEY_NSMicrophoneUsageDescription = "Please grant $(PRODUCT_NAME) access to your microphone";
				LD_RUNPATH_SEARCH_PATHS = (
					"$(inherited)",
					"@executable_path/../Frameworks",
				);
				MARKETING_VERSION = 1.0;
				PRODUCT_BUNDLE_IDENTIFIER = com.elihartnett.MeetingMate;
				PRODUCT_NAME = "$(TARGET_NAME)";
				SWIFT_EMIT_LOC_STRINGS = YES;
				SWIFT_VERSION = 5.0;
			};
			name = Debug;
		};
		62EBF7BE29EB90AA001F906E /* Release */ = {
			isa = XCBuildConfiguration;
			buildSettings = {
				ASSETCATALOG_COMPILER_APPICON_NAME = AppIcon;
				ASSETCATALOG_COMPILER_GLOBAL_ACCENT_COLOR_NAME = AccentColor;
				CODE_SIGN_ENTITLEMENTS = MeetingMate/MeetingMate.entitlements;
				CODE_SIGN_STYLE = Automatic;
				COMBINE_HIDPI_IMAGES = YES;
				CURRENT_PROJECT_VERSION = 1;
				DEVELOPMENT_ASSET_PATHS = "\"MeetingMate/Preview Content\"";
				DEVELOPMENT_TEAM = BMNBE7JVDJ;
				ENABLE_HARDENED_RUNTIME = YES;
				ENABLE_PREVIEWS = YES;
				GENERATE_INFOPLIST_FILE = YES;
				INFOPLIST_KEY_LSUIElement = YES;
				INFOPLIST_KEY_NSCameraUsageDescription = "Please grant $(PRODUCT_NAME) access to your camera";
				INFOPLIST_KEY_NSMicrophoneUsageDescription = "Please grant $(PRODUCT_NAME) access to your microphone";
				LD_RUNPATH_SEARCH_PATHS = (
					"$(inherited)",
					"@executable_path/../Frameworks",
				);
				MARKETING_VERSION = 1.0;
				PRODUCT_BUNDLE_IDENTIFIER = com.elihartnett.MeetingMate;
				PRODUCT_NAME = "$(TARGET_NAME)";
				SWIFT_EMIT_LOC_STRINGS = YES;
				SWIFT_VERSION = 5.0;
			};
			name = Release;
		};
/* End XCBuildConfiguration section */

/* Begin XCConfigurationList section */
		62EBF7A829EB90A9001F906E /* Build configuration list for PBXProject "MeetingMate" */ = {
			isa = XCConfigurationList;
			buildConfigurations = (
				62EBF7BA29EB90AA001F906E /* Debug */,
				62EBF7BB29EB90AA001F906E /* Release */,
			);
			defaultConfigurationIsVisible = 0;
			defaultConfigurationName = Release;
		};
		62EBF7BC29EB90AA001F906E /* Build configuration list for PBXNativeTarget "MeetingMate" */ = {
			isa = XCConfigurationList;
			buildConfigurations = (
				62EBF7BD29EB90AA001F906E /* Debug */,
				62EBF7BE29EB90AA001F906E /* Release */,
			);
			defaultConfigurationIsVisible = 0;
			defaultConfigurationName = Release;
		};
/* End XCConfigurationList section */
	};
	rootObject = 62EBF7A529EB90A9001F906E /* Project object */;
}
